
Microsoft Visual Studio Solution File, Format Version 12.00
# Visual Studio Version 17
VisualStudioVersion = 17.11.35327.3
MinimumVisualStudioVersion = 10.0.40219.1
Project("{8BC9CEB8-8B4A-11D0-8D11-00A0C91BC942}") = "icp_project", "icp_project.vcxproj", "{B6E44B9F-102C-4821-B5F2-C523F4B68624}"
EndProject
Global
	GlobalSection(SolutionConfigurationPlatforms) = preSolution
		Debug|x64 = Debug|x64
		Debug|x86 = Debug|x86
		Release|x64 = Release|x64
		Release|x86 = Release|x86
	EndGlobalSection
	GlobalSection(ProjectConfigurationPlatforms) = postSolution
		{B6E44B9F-102C-4821-B5F2-C523F4B68624}.Debug|x64.ActiveCfg = Debug|x64
		{B6E44B9F-102C-4821-B5F2-C523F4B68624}.Debug|x64.Build.0 = Debug|x64
		{B6E44B9F-102C-4821-B5F2-C523F4B68624}.Debug|x86.ActiveCfg = Debug|Win32
		{B6E44B9F-102C-4821-B5F2-C523F4B68624}.Debug|x86.Build.0 = Debug|Win32
		{B6E44B9F-102C-4821-B5F2-C523F4B68624}.Release|x64.ActiveCfg = Release|x64
		{B6E44B9F-102C-4821-B5F2-C523F4B68624}.Release|x64.Build.0 = Release|x64
		{B6E44B9F-102C-4821-B5F2-C523F4B68624}.Release|x86.ActiveCfg = Release|Win32
		{B6E44B9F-102C-4821-B5F2-C523F4B68624}.Release|x86.Build.0 = Release|Win32
	EndGlobalSection
	GlobalSection(SolutionProperties) = preSolution
		HideSolutionNode = FALSE
	EndGlobalSection
	GlobalSection(ExtensibilityGlobals) = postSolution
		SolutionGuid = {9A7D05BF-48C4-40D9-8CCE-EBE2E5E75ADC}
	EndGlobalSection
EndGlobal
